
Microsoft Visual Studio Solution File, Format Version 12.00
# Visual Studio Version 17
VisualStudioVersion = 17.10.35027.167
MinimumVisualStudioVersion = 10.0.40219.1
Project("{FAE04EC0-301F-11D3-BF4B-00C04F79EFBC}") = "debuggingWithFriends", "debuggingWithFriends\debuggingWithFriends.csproj", "{DACE4850-D79E-4472-910B-AE7BBB97D4F2}"
EndProject
Global
	GlobalSection(SolutionConfigurationPlatforms) = preSolution
		Debug|Any CPU = Debug|Any CPU
		Release|Any CPU = Release|Any CPU
	EndGlobalSection
	GlobalSection(ProjectConfigurationPlatforms) = postSolution
		{DACE4850-D79E-4472-910B-AE7BBB97D4F2}.Debug|Any CPU.ActiveCfg = Debug|Any CPU
		{DACE4850-D79E-4472-910B-AE7BBB97D4F2}.Debug|Any CPU.Build.0 = Debug|Any CPU
		{DACE4850-D79E-4472-910B-AE7BBB97D4F2}.Release|Any CPU.ActiveCfg = Release|Any CPU
		{DACE4850-D79E-4472-910B-AE7BBB97D4F2}.Release|Any CPU.Build.0 = Release|Any CPU
	EndGlobalSection
	GlobalSection(SolutionProperties) = preSolution
		HideSolutionNode = FALSE
	EndGlobalSection
	GlobalSection(ExtensibilityGlobals) = postSolution
		SolutionGuid = {D5528ED7-26B2-432C-9F23-2ACC8B16DFD6}
	EndGlobalSection
EndGlobal
